
Microsoft Visual Studio Solution File, Format Version 12.00
# Visual Studio Version 17
VisualStudioVersion = 17.0.31919.166
MinimumVisualStudioVersion = 10.0.40219.1
Project("{FAE04EC0-301F-11D3-BF4B-00C04F79EFBC}") = "BankaSistemi", "BankaSistemi\BankaSistemi.csproj", "{B4BF9CB6-9F36-4E22-82F1-D6F0357C8B56}"
EndProject
Global
	GlobalSection(SolutionConfigurationPlatforms) = preSolution
		Debug|Any CPU = Debug|Any CPU
		Release|Any CPU = Release|Any CPU
	EndGlobalSection
	GlobalSection(ProjectConfigurationPlatforms) = postSolution
		{B4BF9CB6-9F36-4E22-82F1-D6F0357C8B56}.Debug|Any CPU.ActiveCfg = Debug|Any CPU
		{B4BF9CB6-9F36-4E22-82F1-D6F0357C8B56}.Debug|Any CPU.Build.0 = Debug|Any CPU
		{B4BF9CB6-9F36-4E22-82F1-D6F0357C8B56}.Release|Any CPU.ActiveCfg = Release|Any CPU
		{B4BF9CB6-9F36-4E22-82F1-D6F0357C8B56}.Release|Any CPU.Build.0 = Release|Any CPU
	EndGlobalSection
	GlobalSection(SolutionProperties) = preSolution
		HideSolutionNode = FALSE
	EndGlobalSection
	GlobalSection(ExtensibilityGlobals) = postSolution
		SolutionGuid = {6EFE9B46-97B1-43D5-B168-82F6159F0A3F}
	EndGlobalSection
EndGlobal
